
Microsoft Visual Studio Solution File, Format Version 12.00
# Visual Studio Version 17
VisualStudioVersion = 17.10.35013.160
MinimumVisualStudioVersion = 10.0.40219.1
Project("{FAE04EC0-301F-11D3-BF4B-00C04F79EFBC}") = "hesap makinesi double", "hesap makinesi double\hesap makinesi double.csproj", "{EDA97599-DF53-41E6-907E-15C2C9909863}"
EndProject
Global
	GlobalSection(SolutionConfigurationPlatforms) = preSolution
		Debug|Any CPU = Debug|Any CPU
		Release|Any CPU = Release|Any CPU
	EndGlobalSection
	GlobalSection(ProjectConfigurationPlatforms) = postSolution
		{EDA97599-DF53-41E6-907E-15C2C9909863}.Debug|Any CPU.ActiveCfg = Debug|Any CPU
		{EDA97599-DF53-41E6-907E-15C2C9909863}.Debug|Any CPU.Build.0 = Debug|Any CPU
		{EDA97599-DF53-41E6-907E-15C2C9909863}.Release|Any CPU.ActiveCfg = Release|Any CPU
		{EDA97599-DF53-41E6-907E-15C2C9909863}.Release|Any CPU.Build.0 = Release|Any CPU
	EndGlobalSection
	GlobalSection(SolutionProperties) = preSolution
		HideSolutionNode = FALSE
	EndGlobalSection
	GlobalSection(ExtensibilityGlobals) = postSolution
		SolutionGuid = {AF1E0A8D-F921-4EC2-9A7B-E32A641C24C1}
	EndGlobalSection
EndGlobal
